
Microsoft Visual Studio Solution File, Format Version 12.00
# Visual Studio Version 17
VisualStudioVersion = 17.14.36408.4 d17.14
MinimumVisualStudioVersion = 10.0.40219.1
Project("{FAE04EC0-301F-11D3-BF4B-00C04F79EFBC}") = "SalesWebMvc", "SalesWebMvc\SalesWebMvc.csproj", "{2940A072-6CF8-4089-B100-E1D70F338058}"
EndProject
Global
	GlobalSection(SolutionConfigurationPlatforms) = preSolution
		Debug|Any CPU = Debug|Any CPU
		Release|Any CPU = Release|Any CPU
	EndGlobalSection
	GlobalSection(ProjectConfigurationPlatforms) = postSolution
		{2940A072-6CF8-4089-B100-E1D70F338058}.Debug|Any CPU.ActiveCfg = Debug|Any CPU
		{2940A072-6CF8-4089-B100-E1D70F338058}.Debug|Any CPU.Build.0 = Debug|Any CPU
		{2940A072-6CF8-4089-B100-E1D70F338058}.Release|Any CPU.ActiveCfg = Release|Any CPU
		{2940A072-6CF8-4089-B100-E1D70F338058}.Release|Any CPU.Build.0 = Release|Any CPU
	EndGlobalSection
	GlobalSection(SolutionProperties) = preSolution
		HideSolutionNode = FALSE
	EndGlobalSection
	GlobalSection(ExtensibilityGlobals) = postSolution
		SolutionGuid = {FC06D06C-D2B8-4AC8-9E4C-933E068F6418}
	EndGlobalSection
EndGlobal
